
Microsoft Visual Studio Solution File, Format Version 12.00
# Visual Studio 14
VisualStudioVersion = 14.0.25420.1
MinimumVisualStudioVersion = 10.0.40219.1
Project("{FAE04EC0-301F-11D3-BF4B-00C04F79EFBC}") = "OTIS_POC", "OTIS_POC\OTIS_POC.csproj", "{66DD233B-571C-4747-90C4-7E75C47E96CD}"
EndProject
Global
	GlobalSection(SolutionConfigurationPlatforms) = preSolution
		Debug|Any CPU = Debug|Any CPU
		Release|Any CPU = Release|Any CPU
	EndGlobalSection
	GlobalSection(ProjectConfigurationPlatforms) = postSolution
		{66DD233B-571C-4747-90C4-7E75C47E96CD}.Debug|Any CPU.ActiveCfg = Debug|Any CPU
		{66DD233B-571C-4747-90C4-7E75C47E96CD}.Debug|Any CPU.Build.0 = Debug|Any CPU
		{66DD233B-571C-4747-90C4-7E75C47E96CD}.Release|Any CPU.ActiveCfg = Release|Any CPU
		{66DD233B-571C-4747-90C4-7E75C47E96CD}.Release|Any CPU.Build.0 = Release|Any CPU
	EndGlobalSection
	GlobalSection(SolutionProperties) = preSolution
		HideSolutionNode = FALSE
	EndGlobalSection
EndGlobal
